// !$*UTF8*$!
{
	archiveVersion = 1;
	classes = {
	};
	objectVersion = 50;
	objects = {

/* Begin PBXBuildFile section */
		223410C9227763B50097F80A /* AppDelegate.swift in Sources */ = {isa = PBXBuildFile; fileRef = 223410C8227763B50097F80A /* AppDelegate.swift */; };
		223410D0227763B70097F80A /* Assets.xcassets in Resources */ = {isa = PBXBuildFile; fileRef = 223410CF227763B70097F80A /* Assets.xcassets */; };
		223410D3227763B70097F80A /* LaunchScreen.storyboard in Resources */ = {isa = PBXBuildFile; fileRef = 223410D1227763B70097F80A /* LaunchScreen.storyboard */; };
		223410DC22776A550097F80A /* ViewController.swift in Sources */ = {isa = PBXBuildFile; fileRef = 223410DA22776A550097F80A /* ViewController.swift */; };
		223410DD22776A550097F80A /* ViewController.xib in Resources */ = {isa = PBXBuildFile; fileRef = 223410DB22776A550097F80A /* ViewController.xib */; };
		668299032A830AC623F352BC /* Pods_DemoConfigiOSProject.framework in Frameworks */ = {isa = PBXBuildFile; fileRef = DEBAE621F83C082E3CDE933F /* Pods_DemoConfigiOSProject.framework */; };
/* End PBXBuildFile section */

/* Begin PBXFileReference section */
		223410C5227763B50097F80A /* DemoConfigiOSProject.app */ = {isa = PBXFileReference; explicitFileType = wrapper.application; includeInIndex = 0; path = DemoConfigiOSProject.app; sourceTree = BUILT_PRODUCTS_DIR; };
		223410C8227763B50097F80A /* AppDelegate.swift */ = {isa = PBXFileReference; lastKnownFileType = sourcecode.swift; path = AppDelegate.swift; sourceTree = "<group>"; };
		223410CF227763B70097F80A /* Assets.xcassets */ = {isa = PBXFileReference; lastKnownFileType = folder.assetcatalog; path = Assets.xcassets; sourceTree = "<group>"; };
		223410D2227763B70097F80A /* Base */ = {isa = PBXFileReference; lastKnownFileType = file.storyboard; name = Base; path = Base.lproj/LaunchScreen.storyboard; sourceTree = "<group>"; };
		223410DA22776A550097F80A /* ViewController.swift */ = {isa = PBXFileReference; lastKnownFileType = sourcecode.swift; path = ViewController.swift; sourceTree = "<group>"; };
		223410DB22776A550097F80A /* ViewController.xib */ = {isa = PBXFileReference; lastKnownFileType = file.xib; path = ViewController.xib; sourceTree = "<group>"; };
		223410E12277700A0097F80A /* DEV-Config.xcconfig */ = {isa = PBXFileReference; lastKnownFileType = text.xcconfig; path = "DEV-Config.xcconfig"; sourceTree = "<group>"; };
		223410E2227770200097F80A /* STG-Config.xcconfig */ = {isa = PBXFileReference; lastKnownFileType = text.xcconfig; path = "STG-Config.xcconfig"; sourceTree = "<group>"; };
		223410E32277703E0097F80A /* PRO-Config.xcconfig */ = {isa = PBXFileReference; lastKnownFileType = text.xcconfig; path = "PRO-Config.xcconfig"; sourceTree = "<group>"; };
		223410EA227800D20097F80A /* Pods-DemoConfigiOSProject.product.xcconfig */ = {isa = PBXFileReference; lastKnownFileType = text.xcconfig; name = "Pods-DemoConfigiOSProject.product.xcconfig"; path = "Pods/Target Support Files/Pods-DemoConfigiOSProject/Pods-DemoConfigiOSProject.product.xcconfig"; sourceTree = "<group>"; };
		223410EB227800D20097F80A /* Pods-DemoConfigiOSProject.staging.xcconfig */ = {isa = PBXFileReference; lastKnownFileType = text.xcconfig; name = "Pods-DemoConfigiOSProject.staging.xcconfig"; path = "Pods/Target Support Files/Pods-DemoConfigiOSProject/Pods-DemoConfigiOSProject.staging.xcconfig"; sourceTree = "<group>"; };
		223410EC227800D20097F80A /* Pods-DemoConfigiOSProject.develop.xcconfig */ = {isa = PBXFileReference; lastKnownFileType = text.xcconfig; name = "Pods-DemoConfigiOSProject.develop.xcconfig"; path = "Pods/Target Support Files/Pods-DemoConfigiOSProject/Pods-DemoConfigiOSProject.develop.xcconfig"; sourceTree = "<group>"; };
		2289F688227804020066880E /* PRO-Info.plist */ = {isa = PBXFileReference; fileEncoding = 4; lastKnownFileType = text.plist.xml; path = "PRO-Info.plist"; sourceTree = "<group>"; };
		2289F689227804020066880E /* DEV-Info.plist */ = {isa = PBXFileReference; fileEncoding = 4; lastKnownFileType = text.plist.xml; path = "DEV-Info.plist"; sourceTree = "<group>"; };
		2289F68A227804030066880E /* STG-Info.plist */ = {isa = PBXFileReference; fileEncoding = 4; lastKnownFileType = text.plist.xml; path = "STG-Info.plist"; sourceTree = "<group>"; };
		DEBAE621F83C082E3CDE933F /* Pods_DemoConfigiOSProject.framework */ = {isa = PBXFileReference; explicitFileType = wrapper.framework; includeInIndex = 0; path = Pods_DemoConfigiOSProject.framework; sourceTree = BUILT_PRODUCTS_DIR; };
/* End PBXFileReference section */

/* Begin PBXFrameworksBuildPhase section */
		223410C2227763B50097F80A /* Frameworks */ = {
			isa = PBXFrameworksBuildPhase;
			buildActionMask = 2147483647;
			files = (
				668299032A830AC623F352BC /* Pods_DemoConfigiOSProject.framework in Frameworks */,
			);
			runOnlyForDeploymentPostprocessing = 0;
		};
/* End PBXFrameworksBuildPhase section */

/* Begin PBXGroup section */
		223410BC227763B50097F80A = {
			isa = PBXGroup;
			children = (
				223410C7227763B50097F80A /* DemoConfigiOSProject */,
				223410C6227763B50097F80A /* Products */,
				43918CA622CEEF5105EB0337 /* Pods */,
				6FEBC5FC9A861217F7570A67 /* Frameworks */,
			);
			sourceTree = "<group>";
		};
		223410C6227763B50097F80A /* Products */ = {
			isa = PBXGroup;
			children = (
				223410C5227763B50097F80A /* DemoConfigiOSProject.app */,
			);
			name = Products;
			sourceTree = "<group>";
		};
		223410C7227763B50097F80A /* DemoConfigiOSProject */ = {
			isa = PBXGroup;
			children = (
				223410E022776FEF0097F80A /* Configures */,
				223410C8227763B50097F80A /* AppDelegate.swift */,
				223410CF227763B70097F80A /* Assets.xcassets */,
				223410D1227763B70097F80A /* LaunchScreen.storyboard */,
				223410DA22776A550097F80A /* ViewController.swift */,
				223410DB22776A550097F80A /* ViewController.xib */,
			);
			path = DemoConfigiOSProject;
			sourceTree = "<group>";
		};
		223410E022776FEF0097F80A /* Configures */ = {
			isa = PBXGroup;
			children = (
				2289F689227804020066880E /* DEV-Info.plist */,
				2289F688227804020066880E /* PRO-Info.plist */,
				2289F68A227804030066880E /* STG-Info.plist */,
				223410E12277700A0097F80A /* DEV-Config.xcconfig */,
				223410E2227770200097F80A /* STG-Config.xcconfig */,
				223410E32277703E0097F80A /* PRO-Config.xcconfig */,
			);
			path = Configures;
			sourceTree = "<group>";
		};
		43918CA622CEEF5105EB0337 /* Pods */ = {
			isa = PBXGroup;
			children = (
				223410EC227800D20097F80A /* Pods-DemoConfigiOSProject.develop.xcconfig */,
				223410EA227800D20097F80A /* Pods-DemoConfigiOSProject.product.xcconfig */,
				223410EB227800D20097F80A /* Pods-DemoConfigiOSProject.staging.xcconfig */,
			);
			name = Pods;
			sourceTree = "<group>";
		};
		6FEBC5FC9A861217F7570A67 /* Frameworks */ = {
			isa = PBXGroup;
			children = (
				DEBAE621F83C082E3CDE933F /* Pods_DemoConfigiOSProject.framework */,
			);
			name = Frameworks;
			sourceTree = "<group>";
		};
/* End PBXGroup section */

/* Begin PBXNativeTarget section */
		223410C4227763B50097F80A /* DemoConfigiOSProject */ = {
			isa = PBXNativeTarget;
			buildConfigurationList = 223410D7227763B70097F80A /* Build configuration list for PBXNativeTarget "DemoConfigiOSProject" */;
			buildPhases = (
				B13ADBECACDBE8BDC2DC7851 /* [CP] Check Pods Manifest.lock */,
				223410C1227763B50097F80A /* Sources */,
				223410C2227763B50097F80A /* Frameworks */,
				223410C3227763B50097F80A /* Resources */,
				012352D686B88CAC23833188 /* [CP] Embed Pods Frameworks */,
			);
			buildRules = (
			);
			dependencies = (
			);
			name = DemoConfigiOSProject;
			productName = DemoConfigiOSProject;
			productReference = 223410C5227763B50097F80A /* DemoConfigiOSProject.app */;
			productType = "com.apple.product-type.application";
		};
/* End PBXNativeTarget section */

/* Begin PBXProject section */
		223410BD227763B50097F80A /* Project object */ = {
			isa = PBXProject;
			attributes = {
				LastSwiftUpdateCheck = 1010;
				LastUpgradeCheck = 1010;
				ORGANIZATIONNAME = "Tam Nguyen M.";
				TargetAttributes = {
					223410C4227763B50097F80A = {
						CreatedOnToolsVersion = 10.1;
						LastSwiftMigration = 1020;
					};
				};
			};
			buildConfigurationList = 223410C0227763B50097F80A /* Build configuration list for PBXProject "DemoConfigiOSProject" */;
			compatibilityVersion = "Xcode 9.3";
			developmentRegion = en;
			hasScannedForEncodings = 0;
			knownRegions = (
				en,
				Base,
			);
			mainGroup = 223410BC227763B50097F80A;
			productRefGroup = 223410C6227763B50097F80A /* Products */;
			projectDirPath = "";
			projectRoot = "";
			targets = (
				223410C4227763B50097F80A /* DemoConfigiOSProject */,
			);
		};
/* End PBXProject section */

/* Begin PBXResourcesBuildPhase section */
		223410C3227763B50097F80A /* Resources */ = {
			isa = PBXResourcesBuildPhase;
			buildActionMask = 2147483647;
			files = (
				223410D3227763B70097F80A /* LaunchScreen.storyboard in Resources */,
				223410DD22776A550097F80A /* ViewController.xib in Resources */,
				223410D0227763B70097F80A /* Assets.xcassets in Resources */,
			);
			runOnlyForDeploymentPostprocessing = 0;
		};
/* End PBXResourcesBuildPhase section */

/* Begin PBXShellScriptBuildPhase section */
		012352D686B88CAC23833188 /* [CP] Embed Pods Frameworks */ = {
			isa = PBXShellScriptBuildPhase;
			buildActionMask = 2147483647;
			files = (
			);
			inputFileListPaths = (
			);
			inputPaths = (
				"${SRCROOT}/Pods/Target Support Files/Pods-DemoConfigiOSProject/Pods-DemoConfigiOSProject-frameworks.sh",
				"${BUILT_PRODUCTS_DIR}/LKAWaveCircleProgressBar/LKAWaveCircleProgressBar.framework",
			);
			name = "[CP] Embed Pods Frameworks";
			outputFileListPaths = (
			);
			outputPaths = (
				"${TARGET_BUILD_DIR}/${FRAMEWORKS_FOLDER_PATH}/LKAWaveCircleProgressBar.framework",
			);
			runOnlyForDeploymentPostprocessing = 0;
			shellPath = /bin/sh;
			shellScript = "\"${SRCROOT}/Pods/Target Support Files/Pods-DemoConfigiOSProject/Pods-DemoConfigiOSProject-frameworks.sh\"\n";
			showEnvVarsInLog = 0;
		};
		B13ADBECACDBE8BDC2DC7851 /* [CP] Check Pods Manifest.lock */ = {
			isa = PBXShellScriptBuildPhase;
			buildActionMask = 2147483647;
			files = (
			);
			inputFileListPaths = (
			);
			inputPaths = (
				"${PODS_PODFILE_DIR_PATH}/Podfile.lock",
				"${PODS_ROOT}/Manifest.lock",
			);
			name = "[CP] Check Pods Manifest.lock";
			outputFileListPaths = (
			);
			outputPaths = (
				"$(DERIVED_FILE_DIR)/Pods-DemoConfigiOSProject-checkManifestLockResult.txt",
			);
			runOnlyForDeploymentPostprocessing = 0;
			shellPath = /bin/sh;
			shellScript = "diff \"${PODS_PODFILE_DIR_PATH}/Podfile.lock\" \"${PODS_ROOT}/Manifest.lock\" > /dev/null\nif [ $? != 0 ] ; then\n    # print error to STDERR\n    echo \"error: The sandbox is not in sync with the Podfile.lock. Run 'pod install' or update your CocoaPods installation.\" >&2\n    exit 1\nfi\n# This output is used by Xcode 'outputs' to avoid re-running this script phase.\necho \"SUCCESS\" > \"${SCRIPT_OUTPUT_FILE_0}\"\n";
			showEnvVarsInLog = 0;
		};
/* End PBXShellScriptBuildPhase section */

/* Begin PBXSourcesBuildPhase section */
		223410C1227763B50097F80A /* Sources */ = {
			isa = PBXSourcesBuildPhase;
			buildActionMask = 2147483647;
			files = (
				223410DC22776A550097F80A /* ViewController.swift in Sources */,
				223410C9227763B50097F80A /* AppDelegate.swift in Sources */,
			);
			runOnlyForDeploymentPostprocessing = 0;
		};
/* End PBXSourcesBuildPhase section */

/* Begin PBXVariantGroup section */
		223410D1227763B70097F80A /* LaunchScreen.storyboard */ = {
			isa = PBXVariantGroup;
			children = (
				223410D2227763B70097F80A /* Base */,
			);
			name = LaunchScreen.storyboard;
			sourceTree = "<group>";
		};
/* End PBXVariantGroup section */

/* Begin XCBuildConfiguration section */
		223410D5227763B70097F80A /* Develop */ = {
			isa = XCBuildConfiguration;
			baseConfigurationReference = 223410E12277700A0097F80A /* DEV-Config.xcconfig */;
			buildSettings = {
				ALWAYS_SEARCH_USER_PATHS = NO;
				CLANG_ANALYZER_NONNULL = YES;
				CLANG_ANALYZER_NUMBER_OBJECT_CONVERSION = YES_AGGRESSIVE;
				CLANG_CXX_LANGUAGE_STANDARD = "gnu++14";
				CLANG_CXX_LIBRARY = "libc++";
				CLANG_ENABLE_MODULES = YES;
				CLANG_ENABLE_OBJC_ARC = YES;
				CLANG_ENABLE_OBJC_WEAK = YES;
				CLANG_WARN_BLOCK_CAPTURE_AUTORELEASING = YES;
				CLANG_WARN_BOOL_CONVERSION = YES;
				CLANG_WARN_COMMA = YES;
				CLANG_WARN_CONSTANT_CONVERSION = YES;
				CLANG_WARN_DEPRECATED_OBJC_IMPLEMENTATIONS = YES;
				CLANG_WARN_DIRECT_OBJC_ISA_USAGE = YES_ERROR;
				CLANG_WARN_DOCUMENTATION_COMMENTS = YES;
				CLANG_WARN_EMPTY_BODY = YES;
				CLANG_WARN_ENUM_CONVERSION = YES;
				CLANG_WARN_INFINITE_RECURSION = YES;
				CLANG_WARN_INT_CONVERSION = YES;
				CLANG_WARN_NON_LITERAL_NULL_CONVERSION = YES;
				CLANG_WARN_OBJC_IMPLICIT_RETAIN_SELF = YES;
				CLANG_WARN_OBJC_LITERAL_CONVERSION = YES;
				CLANG_WARN_OBJC_ROOT_CLASS = YES_ERROR;
				CLANG_WARN_RANGE_LOOP_ANALYSIS = YES;
				CLANG_WARN_STRICT_PROTOTYPES = YES;
				CLANG_WARN_SUSPICIOUS_MOVE = YES;
				CLANG_WARN_UNGUARDED_AVAILABILITY = YES_AGGRESSIVE;
				CLANG_WARN_UNREACHABLE_CODE = YES;
				CLANG_WARN__DUPLICATE_METHOD_MATCH = YES;
				CODE_SIGN_IDENTITY = "iPhone Developer";
				COPY_PHASE_STRIP = NO;
				DEBUG_INFORMATION_FORMAT = dwarf;
				ENABLE_STRICT_OBJC_MSGSEND = YES;
				ENABLE_TESTABILITY = YES;
				GCC_C_LANGUAGE_STANDARD = gnu11;
				GCC_DYNAMIC_NO_PIC = NO;
				GCC_NO_COMMON_BLOCKS = YES;
				GCC_OPTIMIZATION_LEVEL = 0;
				GCC_PREPROCESSOR_DEFINITIONS = (
					"DEBUG=1",
					"$(inherited)",
				);
				GCC_WARN_64_TO_32_BIT_CONVERSION = YES;
				GCC_WARN_ABOUT_RETURN_TYPE = YES_ERROR;
				GCC_WARN_UNDECLARED_SELECTOR = YES;
				GCC_WARN_UNINITIALIZED_AUTOS = YES_AGGRESSIVE;
				GCC_WARN_UNUSED_FUNCTION = YES;
				GCC_WARN_UNUSED_VARIABLE = YES;
				IPHONEOS_DEPLOYMENT_TARGET = 12.1;
				MTL_ENABLE_DEBUG_INFO = INCLUDE_SOURCE;
				MTL_FAST_MATH = YES;
				ONLY_ACTIVE_ARCH = YES;
				SDKROOT = iphoneos;
				SWIFT_ACTIVE_COMPILATION_CONDITIONS = DEBUG;
				SWIFT_OPTIMIZATION_LEVEL = "-Onone";
			};
			name = Develop;
		};
		223410D6227763B70097F80A /* Staging */ = {
			isa = XCBuildConfiguration;
			baseConfigurationReference = 223410E2227770200097F80A /* STG-Config.xcconfig */;
			buildSettings = {
				ALWAYS_SEARCH_USER_PATHS = NO;
				CLANG_ANALYZER_NONNULL = YES;
				CLANG_ANALYZER_NUMBER_OBJECT_CONVERSION = YES_AGGRESSIVE;
				CLANG_CXX_LANGUAGE_STANDARD = "gnu++14";
				CLANG_CXX_LIBRARY = "libc++";
				CLANG_ENABLE_MODULES = YES;
				CLANG_ENABLE_OBJC_ARC = YES;
				CLANG_ENABLE_OBJC_WEAK = YES;
				CLANG_WARN_BLOCK_CAPTURE_AUTORELEASING = YES;
				CLANG_WARN_BOOL_CONVERSION = YES;
				CLANG_WARN_COMMA = YES;
				CLANG_WARN_CONSTANT_CONVERSION = YES;
				CLANG_WARN_DEPRECATED_OBJC_IMPLEMENTATIONS = YES;
				CLANG_WARN_DIRECT_OBJC_ISA_USAGE = YES_ERROR;
				CLANG_WARN_DOCUMENTATION_COMMENTS = YES;
				CLANG_WARN_EMPTY_BODY = YES;
				CLANG_WARN_ENUM_CONVERSION = YES;
				CLANG_WARN_INFINITE_RECURSION = YES;
				CLANG_WARN_INT_CONVERSION = YES;
				CLANG_WARN_NON_LITERAL_NULL_CONVERSION = YES;
				CLANG_WARN_OBJC_IMPLICIT_RETAIN_SELF = YES;
				CLANG_WARN_OBJC_LITERAL_CONVERSION = YES;
				CLANG_WARN_OBJC_ROOT_CLASS = YES_ERROR;
				CLANG_WARN_RANGE_LOOP_ANALYSIS = YES;
				CLANG_WARN_STRICT_PROTOTYPES = YES;
				CLANG_WARN_SUSPICIOUS_MOVE = YES;
				CLANG_WARN_UNGUARDED_AVAILABILITY = YES_AGGRESSIVE;
				CLANG_WARN_UNREACHABLE_CODE = YES;
				CLANG_WARN__DUPLICATE_METHOD_MATCH = YES;
				CODE_SIGN_IDENTITY = "iPhone Developer";
				COPY_PHASE_STRIP = NO;
				DEBUG_INFORMATION_FORMAT = "dwarf-with-dsym";
				ENABLE_NS_ASSERTIONS = NO;
				ENABLE_STRICT_OBJC_MSGSEND = YES;
				GCC_C_LANGUAGE_STANDARD = gnu11;
				GCC_NO_COMMON_BLOCKS = YES;
				GCC_WARN_64_TO_32_BIT_CONVERSION = YES;
				GCC_WARN_ABOUT_RETURN_TYPE = YES_ERROR;
				GCC_WARN_UNDECLARED_SELECTOR = YES;
				GCC_WARN_UNINITIALIZED_AUTOS = YES_AGGRESSIVE;
				GCC_WARN_UNUSED_FUNCTION = YES;
				GCC_WARN_UNUSED_VARIABLE = YES;
				IPHONEOS_DEPLOYMENT_TARGET = 12.1;
				MTL_ENABLE_DEBUG_INFO = NO;
				MTL_FAST_MATH = YES;
				SDKROOT = iphoneos;
				SWIFT_COMPILATION_MODE = wholemodule;
				SWIFT_OPTIMIZATION_LEVEL = "-O";
				VALIDATE_PRODUCT = YES;
			};
			name = Staging;
		};
		223410D8227763B70097F80A /* Develop */ = {
			isa = XCBuildConfiguration;
			baseConfigurationReference = 223410EC227800D20097F80A /* Pods-DemoConfigiOSProject.develop.xcconfig */;
			buildSettings = {
				ASSETCATALOG_COMPILER_APPICON_NAME = AppIcon;
				CODE_SIGN_STYLE = Automatic;
				DEVELOPMENT_TEAM = D4Q882ZZC3;
				INFOPLIST_FILE = "DemoConfigiOSProject/Configures/DEV-Info.plist";
				LD_RUNPATH_SEARCH_PATHS = (
					"$(inherited)",
					"@executable_path/Frameworks",
				);
				PRODUCT_BUNDLE_IDENTIFIER = dev.t8m.DemoConfigiOSProject;
				PRODUCT_NAME = "$(TARGET_NAME)";
				SWIFT_VERSION = 4.2;
				TARGETED_DEVICE_FAMILY = 1;
			};
			name = Develop;
		};
		223410D9227763B70097F80A /* Staging */ = {
			isa = XCBuildConfiguration;
			baseConfigurationReference = 223410EB227800D20097F80A /* Pods-DemoConfigiOSProject.staging.xcconfig */;
			buildSettings = {
				ASSETCATALOG_COMPILER_APPICON_NAME = AppIcon;
				CODE_SIGN_STYLE = Automatic;
				DEVELOPMENT_TEAM = D4Q882ZZC3;
				INFOPLIST_FILE = "DemoConfigiOSProject/Configures/STG-Info.plist";
				LD_RUNPATH_SEARCH_PATHS = (
					"$(inherited)",
					"@executable_path/Frameworks",
				);
				PRODUCT_BUNDLE_IDENTIFIER = dev.t8m.DemoConfigiOSProject;
				PRODUCT_NAME = "$(TARGET_NAME)";
				SWIFT_VERSION = 4.2;
				TARGETED_DEVICE_FAMILY = 1;
			};
			name = Staging;
		};
		223410DE22776D510097F80A /* Product */ = {
			isa = XCBuildConfiguration;
			baseConfigurationReference = 223410E32277703E0097F80A /* PRO-Config.xcconfig */;
			buildSettings = {
				ALWAYS_SEARCH_USER_PATHS = NO;
				CLANG_ANALYZER_NONNULL = YES;
				CLANG_ANALYZER_NUMBER_OBJECT_CONVERSION = YES_AGGRESSIVE;
				CLANG_CXX_LANGUAGE_STANDARD = "gnu++14";
				CLANG_CXX_LIBRARY = "libc++";
				CLANG_ENABLE_MODULES = YES;
				CLANG_ENABLE_OBJC_ARC = YES;
				CLANG_ENABLE_OBJC_WEAK = YES;
				CLANG_WARN_BLOCK_CAPTURE_AUTORELEASING = YES;
				CLANG_WARN_BOOL_CONVERSION = YES;
				CLANG_WARN_COMMA = YES;
				CLANG_WARN_CONSTANT_CONVERSION = YES;
				CLANG_WARN_DEPRECATED_OBJC_IMPLEMENTATIONS = YES;
				CLANG_WARN_DIRECT_OBJC_ISA_USAGE = YES_ERROR;
				CLANG_WARN_DOCUMENTATION_COMMENTS = YES;
				CLANG_WARN_EMPTY_BODY = YES;
				CLANG_WARN_ENUM_CONVERSION = YES;
				CLANG_WARN_INFINITE_RECURSION = YES;
				CLANG_WARN_INT_CONVERSION = YES;
				CLANG_WARN_NON_LITERAL_NULL_CONVERSION = YES;
				CLANG_WARN_OBJC_IMPLICIT_RETAIN_SELF = YES;
				CLANG_WARN_OBJC_LITERAL_CONVERSION = YES;
				CLANG_WARN_OBJC_ROOT_CLASS = YES_ERROR;
				CLANG_WARN_RANGE_LOOP_ANALYSIS = YES;
				CLANG_WARN_STRICT_PROTOTYPES = YES;
				CLANG_WARN_SUSPICIOUS_MOVE = YES;
				CLANG_WARN_UNGUARDED_AVAILABILITY = YES_AGGRESSIVE;
				CLANG_WARN_UNREACHABLE_CODE = YES;
				CLANG_WARN__DUPLICATE_METHOD_MATCH = YES;
				CODE_SIGN_IDENTITY = "iPhone Developer";
				COPY_PHASE_STRIP = NO;
				DEBUG_INFORMATION_FORMAT = "dwarf-with-dsym";
				ENABLE_NS_ASSERTIONS = NO;
				ENABLE_STRICT_OBJC_MSGSEND = YES;
				GCC_C_LANGUAGE_STANDARD = gnu11;
				GCC_NO_COMMON_BLOCKS = YES;
				GCC_WARN_64_TO_32_BIT_CONVERSION = YES;
				GCC_WARN_ABOUT_RETURN_TYPE = YES_ERROR;
				GCC_WARN_UNDECLARED_SELECTOR = YES;
				GCC_WARN_UNINITIALIZED_AUTOS = YES_AGGRESSIVE;
				GCC_WARN_UNUSED_FUNCTION = YES;
				GCC_WARN_UNUSED_VARIABLE = YES;
				IPHONEOS_DEPLOYMENT_TARGET = 12.1;
				MTL_ENABLE_DEBUG_INFO = NO;
				MTL_FAST_MATH = YES;
				SDKROOT = iphoneos;
				SWIFT_COMPILATION_MODE = wholemodule;
				SWIFT_OPTIMIZATION_LEVEL = "-O";
				VALIDATE_PRODUCT = YES;
			};
			name = Product;
		};
		223410DF22776D510097F80A /* Product */ = {
			isa = XCBuildConfiguration;
			baseConfigurationReference = 223410EA227800D20097F80A /* Pods-DemoConfigiOSProject.product.xcconfig */;
			buildSettings = {
				ASSETCATALOG_COMPILER_APPICON_NAME = AppIcon;
				CODE_SIGN_STYLE = Automatic;
				DEVELOPMENT_TEAM = D4Q882ZZC3;
				INFOPLIST_FILE = "DemoConfigiOSProject/Configures/PRO-Info.plist";
				LD_RUNPATH_SEARCH_PATHS = (
					"$(inherited)",
					"@executable_path/Frameworks",
				);
				PRODUCT_BUNDLE_IDENTIFIER = dev.t8m.DemoConfigiOSProject;
				PRODUCT_NAME = "$(TARGET_NAME)";
				SWIFT_VERSION = 4.2;
				TARGETED_DEVICE_FAMILY = 1;
			};
			name = Product;
		};
/* End XCBuildConfiguration section */

/* Begin XCConfigurationList section */
		223410C0227763B50097F80A /* Build configuration list for PBXProject "DemoConfigiOSProject" */ = {
			isa = XCConfigurationList;
			buildConfigurations = (
				223410D5227763B70097F80A /* Develop */,
				223410D6227763B70097F80A /* Staging */,
				223410DE22776D510097F80A /* Product */,
			);
			defaultConfigurationIsVisible = 0;
			defaultConfigurationName = Staging;
		};
		223410D7227763B70097F80A /* Build configuration list for PBXNativeTarget "DemoConfigiOSProject" */ = {
			isa = XCConfigurationList;
			buildConfigurations = (
				223410D8227763B70097F80A /* Develop */,
				223410D9227763B70097F80A /* Staging */,
				223410DF22776D510097F80A /* Product */,
			);
			defaultConfigurationIsVisible = 0;
			defaultConfigurationName = Staging;
		};
/* End XCConfigurationList section */
	};
	rootObject = 223410BD227763B50097F80A /* Project object */;
}
